// !$*UTF8*$!
{
	archiveVersion = 1;
	classes = {
	};
	objectVersion = 77;
	objects = {

/* Begin PBXBuildFile section */
		22B673148F13F1ECEE79C799 /* Polisher.swift in Sources */ = {isa = PBXBuildFile; fileRef = 3184A767A55CD2B7E467AD8C /* Polisher.swift */; };
		26038EA79DDF5523B6F5193D /* Controller.swift in Sources */ = {isa = PBXBuildFile; fileRef = 4484408491739843EEA8FEF5 /* Controller.swift */; };
		36744A0A9304DDB7F0BF5D11 /* LanguageRouter.swift in Sources */ = {isa = PBXBuildFile; fileRef = 7C2D591362EC01A7FEE4E4F1 /* LanguageRouter.swift */; };
		610A7753BBAAB84D5560C5E9 /* MenuBarView.swift in Sources */ = {isa = PBXBuildFile; fileRef = 4CA0E598334B2B0EE2C090BC /* MenuBarView.swift */; };
		6DE5D4F52DA840FC20FE6494 /* ResultPanel.swift in Sources */ = {isa = PBXBuildFile; fileRef = 0BDD99365AD4E22BDA23BC0D /* ResultPanel.swift */; };
		7C817D1B05FCB08879AB8E86 /* TranslationHub.swift in Sources */ = {isa = PBXBuildFile; fileRef = 809C193BF2066EA55879BF9F /* TranslationHub.swift */; };
		BC6FE6B659B9E855A570BD4E /* DejimaApp.swift in Sources */ = {isa = PBXBuildFile; fileRef = AA6B33036B72D4AB05DB6C25 /* DejimaApp.swift */; };
		D48993694EF741F0218C2AF7 /* ResultView.swift in Sources */ = {isa = PBXBuildFile; fileRef = 5445CD263EE5C9DF591FBC3A /* ResultView.swift */; };
		DA1EEE021D39AF9CEBB2A933 /* DoubleCopyMonitor.swift in Sources */ = {isa = PBXBuildFile; fileRef = A29013EA4FB39595CDDC215E /* DoubleCopyMonitor.swift */; };
/* End PBXBuildFile section */

/* Begin PBXFileReference section */
		0B0A99D654C0B99D9DB945BB /* Dejima.app */ = {isa = PBXFileReference; explicitFileType = wrapper.application; includeInIndex = 0; path = Dejima.app; sourceTree = BUILT_PRODUCTS_DIR; };
		0BDD99365AD4E22BDA23BC0D /* ResultPanel.swift */ = {isa = PBXFileReference; lastKnownFileType = sourcecode.swift; path = ResultPanel.swift; sourceTree = "<group>"; };
		3184A767A55CD2B7E467AD8C /* Polisher.swift */ = {isa = PBXFileReference; lastKnownFileType = sourcecode.swift; path = Polisher.swift; sourceTree = "<group>"; };
		4484408491739843EEA8FEF5 /* Controller.swift */ = {isa = PBXFileReference; lastKnownFileType = sourcecode.swift; path = Controller.swift; sourceTree = "<group>"; };
		4CA0E598334B2B0EE2C090BC /* MenuBarView.swift */ = {isa = PBXFileReference; lastKnownFileType = sourcecode.swift; path = MenuBarView.swift; sourceTree = "<group>"; };
		5445CD263EE5C9DF591FBC3A /* ResultView.swift */ = {isa = PBXFileReference; lastKnownFileType = sourcecode.swift; path = ResultView.swift; sourceTree = "<group>"; };
		7C2D591362EC01A7FEE4E4F1 /* LanguageRouter.swift */ = {isa = PBXFileReference; lastKnownFileType = sourcecode.swift; path = LanguageRouter.swift; sourceTree = "<group>"; };
		809C193BF2066EA55879BF9F /* TranslationHub.swift */ = {isa = PBXFileReference; lastKnownFileType = sourcecode.swift; path = TranslationHub.swift; sourceTree = "<group>"; };
		A29013EA4FB39595CDDC215E /* DoubleCopyMonitor.swift */ = {isa = PBXFileReference; lastKnownFileType = sourcecode.swift; path = DoubleCopyMonitor.swift; sourceTree = "<group>"; };
		AA6B33036B72D4AB05DB6C25 /* DejimaApp.swift */ = {isa = PBXFileReference; lastKnownFileType = sourcecode.swift; path = DejimaApp.swift; sourceTree = "<group>"; };
/* End PBXFileReference section */

/* Begin PBXGroup section */
		2208951A8FAB67470FCA8B4B = {
			isa = PBXGroup;
			children = (
				57EA0624560CE8AC343FB19F /* Sources */,
				675F5FECA2FD13B15F926B87 /* Products */,
			);
			sourceTree = "<group>";
		};
		57EA0624560CE8AC343FB19F /* Sources */ = {
			isa = PBXGroup;
			children = (
				4484408491739843EEA8FEF5 /* Controller.swift */,
				AA6B33036B72D4AB05DB6C25 /* DejimaApp.swift */,
				A29013EA4FB39595CDDC215E /* DoubleCopyMonitor.swift */,
				7C2D591362EC01A7FEE4E4F1 /* LanguageRouter.swift */,
				4CA0E598334B2B0EE2C090BC /* MenuBarView.swift */,
				3184A767A55CD2B7E467AD8C /* Polisher.swift */,
				0BDD99365AD4E22BDA23BC0D /* ResultPanel.swift */,
				5445CD263EE5C9DF591FBC3A /* ResultView.swift */,
				809C193BF2066EA55879BF9F /* TranslationHub.swift */,
			);
			path = Sources;
			sourceTree = "<group>";
		};
		675F5FECA2FD13B15F926B87 /* Products */ = {
			isa = PBXGroup;
			children = (
				0B0A99D654C0B99D9DB945BB /* Dejima.app */,
			);
			name = Products;
			sourceTree = "<group>";
		};
/* End PBXGroup section */

/* Begin PBXNativeTarget section */
		49610FE8883FDEB26CBF3268 /* Dejima */ = {
			isa = PBXNativeTarget;
			buildConfigurationList = 107D5660D03B6527B46B6416 /* Build configuration list for PBXNativeTarget "Dejima" */;
			buildPhases = (
				D20CE2F3FF4E9886FEC013B1 /* Sources */,
			);
			buildRules = (
			);
			dependencies = (
			);
			name = Dejima;
			packageProductDependencies = (
			);
			productName = Dejima;
			productReference = 0B0A99D654C0B99D9DB945BB /* Dejima.app */;
			productType = "com.apple.product-type.application";
		};
/* End PBXNativeTarget section */

/* Begin PBXProject section */
		50E0C13735A0F50B884DDF15 /* Project object */ = {
			isa = PBXProject;
			attributes = {
				BuildIndependentTargetsInParallel = YES;
				LastUpgradeCheck = 1430;
				TargetAttributes = {
					49610FE8883FDEB26CBF3268 = {
						DevelopmentTeam = D56G7B2W2N;
						ProvisioningStyle = Automatic;
					};
				};
			};
			buildConfigurationList = F6D763BA0F33C3557C2E4C11 /* Build configuration list for PBXProject "Dejima" */;
			developmentRegion = en;
			hasScannedForEncodings = 0;
			knownRegions = (
				Base,
				en,
			);
			mainGroup = 2208951A8FAB67470FCA8B4B;
			minimizedProjectReferenceProxies = 1;
			preferredProjectObjectVersion = 77;
			productRefGroup = 675F5FECA2FD13B15F926B87 /* Products */;
			projectDirPath = "";
			projectRoot = "";
			targets = (
				49610FE8883FDEB26CBF3268 /* Dejima */,
			);
		};
/* End PBXProject section */

/* Begin PBXSourcesBuildPhase section */
		D20CE2F3FF4E9886FEC013B1 /* Sources */ = {
			isa = PBXSourcesBuildPhase;
			buildActionMask = 2147483647;
			files = (
				26038EA79DDF5523B6F5193D /* Controller.swift in Sources */,
				BC6FE6B659B9E855A570BD4E /* DejimaApp.swift in Sources */,
				DA1EEE021D39AF9CEBB2A933 /* DoubleCopyMonitor.swift in Sources */,
				36744A0A9304DDB7F0BF5D11 /* LanguageRouter.swift in Sources */,
				610A7753BBAAB84D5560C5E9 /* MenuBarView.swift in Sources */,
				22B673148F13F1ECEE79C799 /* Polisher.swift in Sources */,
				6DE5D4F52DA840FC20FE6494 /* ResultPanel.swift in Sources */,
				D48993694EF741F0218C2AF7 /* ResultView.swift in Sources */,
				7C817D1B05FCB08879AB8E86 /* TranslationHub.swift in Sources */,
			);
			runOnlyForDeploymentPostprocessing = 0;
		};
/* End PBXSourcesBuildPhase section */

/* Begin XCBuildConfiguration section */
		3D211F23B59F2604CE752320 /* Debug */ = {
			isa = XCBuildConfiguration;
			buildSettings = {
				ASSETCATALOG_COMPILER_APPICON_NAME = AppIcon;
				CODE_SIGN_ENTITLEMENTS = Dejima.entitlements;
				CODE_SIGN_STYLE = Automatic;
				COMBINE_HIDPI_IMAGES = YES;
				CURRENT_PROJECT_VERSION = 1;
				DEVELOPMENT_TEAM = D56G7B2W2N;
				ENABLE_HARDENED_RUNTIME = YES;
				INFOPLIST_FILE = Info.plist;
				LD_RUNPATH_SEARCH_PATHS = (
					"$(inherited)",
					"@executable_path/../Frameworks",
				);
				MARKETING_VERSION = 0.1.0;
				PRODUCT_BUNDLE_IDENTIFIER = com.nuki.Dejima;
				SDKROOT = macosx;
				SWIFT_STRICT_CONCURRENCY = targeted;
				SWIFT_VERSION = 5.0;
			};
			name = Debug;
		};
		471CA8191B3375C2F5AA936F /* Release */ = {
			isa = XCBuildConfiguration;
			buildSettings = {
				ASSETCATALOG_COMPILER_APPICON_NAME = AppIcon;
				CODE_SIGN_ENTITLEMENTS = Dejima.entitlements;
				CODE_SIGN_STYLE = Automatic;
				COMBINE_HIDPI_IMAGES = YES;
				CURRENT_PROJECT_VERSION = 1;
				DEVELOPMENT_TEAM = D56G7B2W2N;
				ENABLE_HARDENED_RUNTIME = YES;
				INFOPLIST_FILE = Info.plist;
				LD_RUNPATH_SEARCH_PATHS = (
					"$(inherited)",
					"@executable_path/../Frameworks",
				);
				MARKETING_VERSION = 0.1.0;
				PRODUCT_BUNDLE_IDENTIFIER = com.nuki.Dejima;
				SDKROOT = macosx;
				SWIFT_STRICT_CONCURRENCY = targeted;
				SWIFT_VERSION = 5.0;
			};
			name = Release;
		};
		B3968B5127F88A77F49916DA /* Debug */ = {
			isa = XCBuildConfiguration;
			buildSettings = {
				ALWAYS_SEARCH_USER_PATHS = NO;
				CLANG_ANALYZER_NONNULL = YES;
				CLANG_ANALYZER_NUMBER_OBJECT_CONVERSION = YES_AGGRESSIVE;
				CLANG_CXX_LANGUAGE_STANDARD = "gnu++14";
				CLANG_CXX_LIBRARY = "libc++";
				CLANG_ENABLE_MODULES = YES;
				CLANG_ENABLE_OBJC_ARC = YES;
				CLANG_ENABLE_OBJC_WEAK = YES;
				CLANG_WARN_BLOCK_CAPTURE_AUTORELEASING = YES;
				CLANG_WARN_BOOL_CONVERSION = YES;
				CLANG_WARN_COMMA = YES;
				CLANG_WARN_CONSTANT_CONVERSION = YES;
				CLANG_WARN_DEPRECATED_OBJC_IMPLEMENTATIONS = YES;
				CLANG_WARN_DIRECT_OBJC_ISA_USAGE = YES_ERROR;
				CLANG_WARN_DOCUMENTATION_COMMENTS = YES;
				CLANG_WARN_EMPTY_BODY = YES;
				CLANG_WARN_ENUM_CONVERSION = YES;
				CLANG_WARN_INFINITE_RECURSION = YES;
				CLANG_WARN_INT_CONVERSION = YES;
				CLANG_WARN_NON_LITERAL_NULL_CONVERSION = YES;
				CLANG_WARN_OBJC_IMPLICIT_RETAIN_SELF = YES;
				CLANG_WARN_OBJC_LITERAL_CONVERSION = YES;
				CLANG_WARN_OBJC_ROOT_CLASS = YES_ERROR;
				CLANG_WARN_QUOTED_INCLUDE_IN_FRAMEWORK_HEADER = YES;
				CLANG_WARN_RANGE_LOOP_ANALYSIS = YES;
				CLANG_WARN_STRICT_PROTOTYPES = YES;
				CLANG_WARN_SUSPICIOUS_MOVE = YES;
				CLANG_WARN_UNGUARDED_AVAILABILITY = YES_AGGRESSIVE;
				CLANG_WARN_UNREACHABLE_CODE = YES;
				CLANG_WARN__DUPLICATE_METHOD_MATCH = YES;
				COPY_PHASE_STRIP = NO;
				DEBUG_INFORMATION_FORMAT = dwarf;
				ENABLE_STRICT_OBJC_MSGSEND = YES;
				ENABLE_TESTABILITY = YES;
				GCC_C_LANGUAGE_STANDARD = gnu11;
				GCC_DYNAMIC_NO_PIC = NO;
				GCC_NO_COMMON_BLOCKS = YES;
				GCC_OPTIMIZATION_LEVEL = 0;
				GCC_PREPROCESSOR_DEFINITIONS = (
					"$(inherited)",
					"DEBUG=1",
				);
				GCC_WARN_64_TO_32_BIT_CONVERSION = YES;
				GCC_WARN_ABOUT_RETURN_TYPE = YES_ERROR;
				GCC_WARN_UNDECLARED_SELECTOR = YES;
				GCC_WARN_UNINITIALIZED_AUTOS = YES_AGGRESSIVE;
				GCC_WARN_UNUSED_FUNCTION = YES;
				GCC_WARN_UNUSED_VARIABLE = YES;
				MACOSX_DEPLOYMENT_TARGET = 15.0;
				MTL_ENABLE_DEBUG_INFO = INCLUDE_SOURCE;
				MTL_FAST_MATH = YES;
				ONLY_ACTIVE_ARCH = YES;
				PRODUCT_NAME = "$(TARGET_NAME)";
				SDKROOT = macosx;
				SWIFT_ACTIVE_COMPILATION_CONDITIONS = DEBUG;
				SWIFT_OPTIMIZATION_LEVEL = "-Onone";
				SWIFT_VERSION = 5.0;
			};
			name = Debug;
		};
		F1DF5F2CE7E2C104E2EE0E64 /* Release */ = {
			isa = XCBuildConfiguration;
			buildSettings = {
				ALWAYS_SEARCH_USER_PATHS = NO;
				CLANG_ANALYZER_NONNULL = YES;
				CLANG_ANALYZER_NUMBER_OBJECT_CONVERSION = YES_AGGRESSIVE;
				CLANG_CXX_LANGUAGE_STANDARD = "gnu++14";
				CLANG_CXX_LIBRARY = "libc++";
				CLANG_ENABLE_MODULES = YES;
				CLANG_ENABLE_OBJC_ARC = YES;
				CLANG_ENABLE_OBJC_WEAK = YES;
				CLANG_WARN_BLOCK_CAPTURE_AUTORELEASING = YES;
				CLANG_WARN_BOOL_CONVERSION = YES;
				CLANG_WARN_COMMA = YES;
				CLANG_WARN_CONSTANT_CONVERSION = YES;
				CLANG_WARN_DEPRECATED_OBJC_IMPLEMENTATIONS = YES;
				CLANG_WARN_DIRECT_OBJC_ISA_USAGE = YES_ERROR;
				CLANG_WARN_DOCUMENTATION_COMMENTS = YES;
				CLANG_WARN_EMPTY_BODY = YES;
				CLANG_WARN_ENUM_CONVERSION = YES;
				CLANG_WARN_INFINITE_RECURSION = YES;
				CLANG_WARN_INT_CONVERSION = YES;
				CLANG_WARN_NON_LITERAL_NULL_CONVERSION = YES;
				CLANG_WARN_OBJC_IMPLICIT_RETAIN_SELF = YES;
				CLANG_WARN_OBJC_LITERAL_CONVERSION = YES;
				CLANG_WARN_OBJC_ROOT_CLASS = YES_ERROR;
				CLANG_WARN_QUOTED_INCLUDE_IN_FRAMEWORK_HEADER = YES;
				CLANG_WARN_RANGE_LOOP_ANALYSIS = YES;
				CLANG_WARN_STRICT_PROTOTYPES = YES;
				CLANG_WARN_SUSPICIOUS_MOVE = YES;
				CLANG_WARN_UNGUARDED_AVAILABILITY = YES_AGGRESSIVE;
				CLANG_WARN_UNREACHABLE_CODE = YES;
				CLANG_WARN__DUPLICATE_METHOD_MATCH = YES;
				COPY_PHASE_STRIP = NO;
				DEBUG_INFORMATION_FORMAT = "dwarf-with-dsym";
				ENABLE_NS_ASSERTIONS = NO;
				ENABLE_STRICT_OBJC_MSGSEND = YES;
				GCC_C_LANGUAGE_STANDARD = gnu11;
				GCC_NO_COMMON_BLOCKS = YES;
				GCC_WARN_64_TO_32_BIT_CONVERSION = YES;
				GCC_WARN_ABOUT_RETURN_TYPE = YES_ERROR;
				GCC_WARN_UNDECLARED_SELECTOR = YES;
				GCC_WARN_UNINITIALIZED_AUTOS = YES_AGGRESSIVE;
				GCC_WARN_UNUSED_FUNCTION = YES;
				GCC_WARN_UNUSED_VARIABLE = YES;
				MACOSX_DEPLOYMENT_TARGET = 15.0;
				MTL_ENABLE_DEBUG_INFO = NO;
				MTL_FAST_MATH = YES;
				PRODUCT_NAME = "$(TARGET_NAME)";
				SDKROOT = macosx;
				SWIFT_COMPILATION_MODE = wholemodule;
				SWIFT_OPTIMIZATION_LEVEL = "-O";
				SWIFT_VERSION = 5.0;
			};
			name = Release;
		};
/* End XCBuildConfiguration section */

/* Begin XCConfigurationList section */
		107D5660D03B6527B46B6416 /* Build configuration list for PBXNativeTarget "Dejima" */ = {
			isa = XCConfigurationList;
			buildConfigurations = (
				3D211F23B59F2604CE752320 /* Debug */,
				471CA8191B3375C2F5AA936F /* Release */,
			);
			defaultConfigurationIsVisible = 0;
			defaultConfigurationName = Debug;
		};
		F6D763BA0F33C3557C2E4C11 /* Build configuration list for PBXProject "Dejima" */ = {
			isa = XCConfigurationList;
			buildConfigurations = (
				B3968B5127F88A77F49916DA /* Debug */,
				F1DF5F2CE7E2C104E2EE0E64 /* Release */,
			);
			defaultConfigurationIsVisible = 0;
			defaultConfigurationName = Debug;
		};
/* End XCConfigurationList section */
	};
	rootObject = 50E0C13735A0F50B884DDF15 /* Project object */;
}
